
Microsoft Visual Studio Solution File, Format Version 10.00
# Visual Studio 2008
Project("{FAE04EC0-301F-11D3-BF4B-00C04F79EFBC}") = "WList", "WList\WList.csproj", "{ABEDD817-238E-4CED-9E75-C5C7F04C6FD1}"
EndProject
Project("{FAE04EC0-301F-11D3-BF4B-00C04F79EFBC}") = "Gabriel.Base", "..\IDDParser\Base\Gabriel.Base.csproj", "{68819E2B-5FDF-4AD4-AD54-AF13705943C2}"
EndProject
Global
	GlobalSection(SolutionConfigurationPlatforms) = preSolution
		Debug|Any CPU = Debug|Any CPU
		Release|Any CPU = Release|Any CPU
	EndGlobalSection
	GlobalSection(ProjectConfigurationPlatforms) = postSolution
		{ABEDD817-238E-4CED-9E75-C5C7F04C6FD1}.Debug|Any CPU.ActiveCfg = Debug|Any CPU
		{ABEDD817-238E-4CED-9E75-C5C7F04C6FD1}.Debug|Any CPU.Build.0 = Debug|Any CPU
		{ABEDD817-238E-4CED-9E75-C5C7F04C6FD1}.Release|Any CPU.ActiveCfg = Release|Any CPU
		{ABEDD817-238E-4CED-9E75-C5C7F04C6FD1}.Release|Any CPU.Build.0 = Release|Any CPU
		{68819E2B-5FDF-4AD4-AD54-AF13705943C2}.Debug|Any CPU.ActiveCfg = Debug|Any CPU
		{68819E2B-5FDF-4AD4-AD54-AF13705943C2}.Debug|Any CPU.Build.0 = Debug|Any CPU
		{68819E2B-5FDF-4AD4-AD54-AF13705943C2}.Release|Any CPU.ActiveCfg = Release|Any CPU
		{68819E2B-5FDF-4AD4-AD54-AF13705943C2}.Release|Any CPU.Build.0 = Release|Any CPU
	EndGlobalSection
	GlobalSection(SolutionProperties) = preSolution
		HideSolutionNode = FALSE
	EndGlobalSection
EndGlobal
